<Solution>
  <Folder Name="/src/">
    <Project Path="src/FsVoice.Core/FsVoice.Core.fsproj" />
    <Project Path="src/FsVoice.Platform/FsVoice.Platform.fsproj" />
    <Project Path="src/FsVoice.Ctx.Contracts/FsVoice.Ctx.Contracts.fsproj" />
    <Project Path="src/FsVoice.Retrieval/FsVoice.Retrieval.fsproj" />
    <Project Path="src/FsVoice.Retrieval.RapidOcrModels/FsVoice.Retrieval.RapidOcrModels.fsproj" />
    <Project Path="src/FsVoice.Ctx.Runtime/FsVoice.Ctx.Runtime.fsproj" />
    <Project Path="src/FsVoice.Ctx.Tools/FsVoice.Ctx.Tools.fsproj" />
    <Project Path="src/FsVoice.Retrieval.PdfRasterization/FsVoice.Retrieval.PdfRasterization.fsproj" />
    <Project Path="src/FsVoice.Hosting.AspNetCore/FsVoice.Hosting.AspNetCore.fsproj" />
    <Project Path="src/FsVoice.OpenSource.Runtime/FsVoice.OpenSource.Runtime.fsproj" />
    <Project Path="src/FsVoice.OpenSource.Server/FsVoice.OpenSource.Server.fsproj" />
    <Project Path="src/FsVoice.PdfRasterization/FsVoice.PdfRasterization.fsproj" />
    <Project Path="src/FsVoice.Tools/FsVoice.Tools.fsproj" />
    <Project Path="src/FsVoice.Cli/FsVoice.Cli.fsproj" />
    <Project Path="src/Speak2Docs.Orchestration/Speak2Docs.Orchestration.fsproj" />
    <Project Path="src/Speak2Docs/Speak2Docs.fsproj" />
    <Project Path="src/FsResponses/FsResponses.fsproj" />
    <Project Path="src/FsVoice.RTFlow/FsVoice.RTFlow.fsproj" />
    <Project Path="src/FsVoice.Tests/FsVoice.Tests.fsproj" />
    <Project Path="src/FsResponsesTest/FsResponsesTest.fsproj" />
  </Folder>
</Solution>
